
Microsoft Visual Studio Solution File, Format Version 12.00
# Visual Studio Version 17
VisualStudioVersion = 17.3.32929.385
MinimumVisualStudioVersion = 10.0.40219.1
Project("{FAE04EC0-301F-11D3-BF4B-00C04F79EFBC}") = "access modifiers", "access modifiers.csproj", "{F6F78944-7FCD-4D3D-B9ED-57CB7B5004E4}"
EndProject
Global
	GlobalSection(SolutionConfigurationPlatforms) = preSolution
		Debug|Any CPU = Debug|Any CPU
		Release|Any CPU = Release|Any CPU
	EndGlobalSection
	GlobalSection(ProjectConfigurationPlatforms) = postSolution
		{F6F78944-7FCD-4D3D-B9ED-57CB7B5004E4}.Debug|Any CPU.ActiveCfg = Debug|Any CPU
		{F6F78944-7FCD-4D3D-B9ED-57CB7B5004E4}.Debug|Any CPU.Build.0 = Debug|Any CPU
		{F6F78944-7FCD-4D3D-B9ED-57CB7B5004E4}.Release|Any CPU.ActiveCfg = Release|Any CPU
		{F6F78944-7FCD-4D3D-B9ED-57CB7B5004E4}.Release|Any CPU.Build.0 = Release|Any CPU
	EndGlobalSection
	GlobalSection(SolutionProperties) = preSolution
		HideSolutionNode = FALSE
	EndGlobalSection
	GlobalSection(ExtensibilityGlobals) = postSolution
		SolutionGuid = {DE888E24-CAF1-4DE1-B2C1-62C0A2A22E6B}
	EndGlobalSection
EndGlobal
